# This file is @generated by PDM.
# It is not intended for manual editing.

[metadata]
groups = ["default"]
strategy = ["cross_platform", "inherit_metadata"]
lock_version = "4.4.1"
content_hash = "sha256:ca0186d39107017414943c7195949d42edb69f15302679099cbaae3bd68f25b7"

[[package]]
name = "click"
version = "8.1.7"
requires_python = ">=3.7"
summary = "Composable command line interface toolkit"
groups = ["default"]
dependencies = [
    "colorama; platform_system == \"Windows\"",
]
files = [
    {file = "click-8.1.7-py3-none-any.whl", hash = "sha256:ae74fb96c20a0277a1d615f1e4d73c8414f5a98db8b799a7931d1582f3390c28"},
    {file = "click-8.1.7.tar.gz", hash = "sha256:ca9853ad459e787e2192211578cc907e7594e294c7ccc834310722b41b9ca6de"},
]

[[package]]
name = "colorama"
version = "0.4.6"
requires_python = "!=3.0.*,!=3.1.*,!=3.2.*,!=3.3.*,!=3.4.*,!=3.5.*,!=3.6.*,>=2.7"
summary = "Cross-platform colored terminal text."
groups = ["default"]
marker = "platform_system == \"Windows\""
files = [
    {file = "colorama-0.4.6-py2.py3-none-any.whl", hash = "sha256:4f1d9991f5acc0ca119f9d443620b77f9d6b33703e51011c16baf57afb285fc6"},
    {file = "colorama-0.4.6.tar.gz", hash = "sha256:08695f5cb7ed6e0531a20572697297273c47b8cae5a63ffc6d6ed5c201be6e44"},
]

[[package]]
name = "cpp-symbol-parser"
version = "0.1.1"
requires_python = ">=3.10"
summary = "Parser for mangled C++ symbols"
groups = ["default"]
dependencies = [
    "lark>=1.1.9",
]
files = [
    {file = "cpp_symbol_parser-0.1.1-py3-none-any.whl", hash = "sha256:a6ff1806e08cedd42343be2f7270a36ff7d95a9a33934d2dd7d9353c3ff185a0"},
    {file = "cpp_symbol_parser-0.1.1.tar.gz", hash = "sha256:72e2a4e3aa991c8e686f675862c838488d4cea38a6b9f59281d1c173217f24dd"},
]

[[package]]
name = "lark"
version = "1.1.9"
requires_python = ">=3.6"
summary = "a modern parsing library"
groups = ["default"]
files = [
    {file = "lark-1.1.9-py3-none-any.whl", hash = "sha256:a0dd3a87289f8ccbb325901e4222e723e7d745dbfc1803eaf5f3d2ace19cf2db"},
    {file = "lark-1.1.9.tar.gz", hash = "sha256:15fa5236490824c2c4aba0e22d2d6d823575dcaf4cdd1848e34b6ad836240fba"},
]

[[package]]
name = "pyelftools"
version = "0.31"
summary = "Library for analyzing ELF files and DWARF debugging information"
groups = ["default"]
files = [
    {file = "pyelftools-0.31-py3-none-any.whl", hash = "sha256:f52de7b3c7e8c64c8abc04a79a1cf37ac5fb0b8a49809827130b858944840607"},
    {file = "pyelftools-0.31.tar.gz", hash = "sha256:c774416b10310156879443b81187d182d8d9ee499660380e645918b50bc88f99"},
]

[[package]]
name = "python-orbuculum"
version = "0.0.1"
requires_python = ">=3.10"
summary = "Python interface to liborb"
groups = ["default"]
files = [
    {file = "python_orbuculum-0.0.1-py3-none-any.whl", hash = "sha256:0471dc232561ad5997cf45298d27e7534d8f14421183c2be997f4138798ba21f"},
    {file = "python_orbuculum-0.0.1.tar.gz", hash = "sha256:10658a0f56754363f65baae680b1fdd80c619745bce74a5a77f8e8de6bcf5d61"},
]
